// !$*UTF8*$!
{
	archiveVersion = 1;
	classes = {
	};
	objectVersion = 46;
	objects = {

/* Begin PBXBuildFile section */
		2BD53B521DF2F9DC000CC3BD /* AppDelegate.swift in Sources */ = {isa = PBXBuildFile; fileRef = 2BD53B511DF2F9DC000CC3BD /* AppDelegate.swift */; };
		2BD53B541DF2F9DC000CC3BD /* ViewController.swift in Sources */ = {isa = PBXBuildFile; fileRef = 2BD53B531DF2F9DC000CC3BD /* ViewController.swift */; };
		2BD53B571DF2F9DC000CC3BD /* Main.storyboard in Resources */ = {isa = PBXBuildFile; fileRef = 2BD53B551DF2F9DC000CC3BD /* Main.storyboard */; };
		2BD53B591DF2F9DC000CC3BD /* Assets.xcassets in Resources */ = {isa = PBXBuildFile; fileRef = 2BD53B581DF2F9DC000CC3BD /* Assets.xcassets */; };
		2BD53B5C1DF2F9DC000CC3BD /* LaunchScreen.storyboard in Resources */ = {isa = PBXBuildFile; fileRef = 2BD53B5A1DF2F9DC000CC3BD /* LaunchScreen.storyboard */; };
		2BD53B751DF2FE65000CC3BD /* UpdateChecker.framework in Frameworks */ = {isa = PBXBuildFile; fileRef = 2BD53B741DF2FE65000CC3BD /* UpdateChecker.framework */; };
		2BD53B761DF2FE65000CC3BD /* UpdateChecker.framework in Embed Frameworks */ = {isa = PBXBuildFile; fileRef = 2BD53B741DF2FE65000CC3BD /* UpdateChecker.framework */; settings = {ATTRIBUTES = (CodeSignOnCopy, RemoveHeadersOnCopy, ); }; };
/* End PBXBuildFile section */

/* Begin PBXCopyFilesBuildPhase section */
		2BD53B701DF2FD92000CC3BD /* Embed Frameworks */ = {
			isa = PBXCopyFilesBuildPhase;
			buildActionMask = 2147483647;
			dstPath = "";
			dstSubfolderSpec = 10;
			files = (
				2BD53B761DF2FE65000CC3BD /* UpdateChecker.framework in Embed Frameworks */,
			);
			name = "Embed Frameworks";
			runOnlyForDeploymentPostprocessing = 0;
		};
/* End PBXCopyFilesBuildPhase section */

/* Begin PBXFileReference section */
		2BD53B4E1DF2F9DC000CC3BD /* iOSExample.app */ = {isa = PBXFileReference; explicitFileType = wrapper.application; includeInIndex = 0; path = iOSExample.app; sourceTree = BUILT_PRODUCTS_DIR; };
		2BD53B511DF2F9DC000CC3BD /* AppDelegate.swift */ = {isa = PBXFileReference; lastKnownFileType = sourcecode.swift; path = AppDelegate.swift; sourceTree = "<group>"; };
		2BD53B531DF2F9DC000CC3BD /* ViewController.swift */ = {isa = PBXFileReference; lastKnownFileType = sourcecode.swift; path = ViewController.swift; sourceTree = "<group>"; };
		2BD53B561DF2F9DC000CC3BD /* Base */ = {isa = PBXFileReference; lastKnownFileType = file.storyboard; name = Base; path = Base.lproj/Main.storyboard; sourceTree = "<group>"; };
		2BD53B581DF2F9DC000CC3BD /* Assets.xcassets */ = {isa = PBXFileReference; lastKnownFileType = folder.assetcatalog; path = Assets.xcassets; sourceTree = "<group>"; };
		2BD53B5B1DF2F9DC000CC3BD /* Base */ = {isa = PBXFileReference; lastKnownFileType = file.storyboard; name = Base; path = Base.lproj/LaunchScreen.storyboard; sourceTree = "<group>"; };
		2BD53B5D1DF2F9DC000CC3BD /* Info.plist */ = {isa = PBXFileReference; lastKnownFileType = text.plist.xml; path = Info.plist; sourceTree = "<group>"; };
		2BD53B741DF2FE65000CC3BD /* UpdateChecker.framework */ = {isa = PBXFileReference; explicitFileType = wrapper.framework; path = UpdateChecker.framework; sourceTree = BUILT_PRODUCTS_DIR; };
/* End PBXFileReference section */

/* Begin PBXFrameworksBuildPhase section */
		2BD53B4B1DF2F9DC000CC3BD /* Frameworks */ = {
			isa = PBXFrameworksBuildPhase;
			buildActionMask = 2147483647;
			files = (
				2BD53B751DF2FE65000CC3BD /* UpdateChecker.framework in Frameworks */,
			);
			runOnlyForDeploymentPostprocessing = 0;
		};
/* End PBXFrameworksBuildPhase section */

/* Begin PBXGroup section */
		2BD53B451DF2F9DC000CC3BD = {
			isa = PBXGroup;
			children = (
				2BD53B741DF2FE65000CC3BD /* UpdateChecker.framework */,
				2BD53B501DF2F9DC000CC3BD /* iOSExample */,
				2BD53B4F1DF2F9DC000CC3BD /* Products */,
			);
			sourceTree = "<group>";
		};
		2BD53B4F1DF2F9DC000CC3BD /* Products */ = {
			isa = PBXGroup;
			children = (
				2BD53B4E1DF2F9DC000CC3BD /* iOSExample.app */,
			);
			name = Products;
			sourceTree = "<group>";
		};
		2BD53B501DF2F9DC000CC3BD /* iOSExample */ = {
			isa = PBXGroup;
			children = (
				2BD53B511DF2F9DC000CC3BD /* AppDelegate.swift */,
				2BD53B531DF2F9DC000CC3BD /* ViewController.swift */,
				2BD53B551DF2F9DC000CC3BD /* Main.storyboard */,
				2BD53B581DF2F9DC000CC3BD /* Assets.xcassets */,
				2BD53B5A1DF2F9DC000CC3BD /* LaunchScreen.storyboard */,
				2BD53B5D1DF2F9DC000CC3BD /* Info.plist */,
			);
			path = iOSExample;
			sourceTree = "<group>";
		};
/* End PBXGroup section */

/* Begin PBXNativeTarget section */
		2BD53B4D1DF2F9DC000CC3BD /* iOSExample */ = {
			isa = PBXNativeTarget;
			buildConfigurationList = 2BD53B601DF2F9DC000CC3BD /* Build configuration list for PBXNativeTarget "iOSExample" */;
			buildPhases = (
				2BD53B4A1DF2F9DC000CC3BD /* Sources */,
				2BD53B4B1DF2F9DC000CC3BD /* Frameworks */,
				2BD53B4C1DF2F9DC000CC3BD /* Resources */,
				2BD53B701DF2FD92000CC3BD /* Embed Frameworks */,
			);
			buildRules = (
			);
			dependencies = (
			);
			name = iOSExample;
			productName = iOSExample;
			productReference = 2BD53B4E1DF2F9DC000CC3BD /* iOSExample.app */;
			productType = "com.apple.product-type.application";
		};
/* End PBXNativeTarget section */

/* Begin PBXProject section */
		2BD53B461DF2F9DC000CC3BD /* Project object */ = {
			isa = PBXProject;
			attributes = {
				LastSwiftUpdateCheck = 0810;
				LastUpgradeCheck = 0810;
				ORGANIZATIONNAME = s0hno;
				TargetAttributes = {
					2BD53B4D1DF2F9DC000CC3BD = {
						CreatedOnToolsVersion = 8.1;
						ProvisioningStyle = Manual;
					};
				};
			};
			buildConfigurationList = 2BD53B491DF2F9DC000CC3BD /* Build configuration list for PBXProject "iOSExample" */;
			compatibilityVersion = "Xcode 3.2";
			developmentRegion = English;
			hasScannedForEncodings = 0;
			knownRegions = (
				en,
				Base,
			);
			mainGroup = 2BD53B451DF2F9DC000CC3BD;
			productRefGroup = 2BD53B4F1DF2F9DC000CC3BD /* Products */;
			projectDirPath = "";
			projectRoot = "";
			targets = (
				2BD53B4D1DF2F9DC000CC3BD /* iOSExample */,
			);
		};
/* End PBXProject section */

/* Begin PBXResourcesBuildPhase section */
		2BD53B4C1DF2F9DC000CC3BD /* Resources */ = {
			isa = PBXResourcesBuildPhase;
			buildActionMask = 2147483647;
			files = (
				2BD53B5C1DF2F9DC000CC3BD /* LaunchScreen.storyboard in Resources */,
				2BD53B591DF2F9DC000CC3BD /* Assets.xcassets in Resources */,
				2BD53B571DF2F9DC000CC3BD /* Main.storyboard in Resources */,
			);
			runOnlyForDeploymentPostprocessing = 0;
		};
/* End PBXResourcesBuildPhase section */

/* Begin PBXSourcesBuildPhase section */
		2BD53B4A1DF2F9DC000CC3BD /* Sources */ = {
			isa = PBXSourcesBuildPhase;
			buildActionMask = 2147483647;
			files = (
				2BD53B541DF2F9DC000CC3BD /* ViewController.swift in Sources */,
				2BD53B521DF2F9DC000CC3BD /* AppDelegate.swift in Sources */,
			);
			runOnlyForDeploymentPostprocessing = 0;
		};
/* End PBXSourcesBuildPhase section */

/* Begin PBXVariantGroup section */
		2BD53B551DF2F9DC000CC3BD /* Main.storyboard */ = {
			isa = PBXVariantGroup;
			children = (
				2BD53B561DF2F9DC000CC3BD /* Base */,
			);
			name = Main.storyboard;
			sourceTree = "<group>";
		};
		2BD53B5A1DF2F9DC000CC3BD /* LaunchScreen.storyboard */ = {
			isa = PBXVariantGroup;
			children = (
				2BD53B5B1DF2F9DC000CC3BD /* Base */,
			);
			name = LaunchScreen.storyboard;
			sourceTree = "<group>";
		};
/* End PBXVariantGroup section */

/* Begin XCBuildConfiguration section */
		2BD53B5E1DF2F9DC000CC3BD /* Debug */ = {
			isa = XCBuildConfiguration;
			buildSettings = {
				ALWAYS_SEARCH_USER_PATHS = NO;
				CLANG_ANALYZER_NONNULL = YES;
				CLANG_CXX_LANGUAGE_STANDARD = "gnu++0x";
				CLANG_CXX_LIBRARY = "libc++";
				CLANG_ENABLE_MODULES = YES;
				CLANG_ENABLE_OBJC_ARC = YES;
				CLANG_WARN_BOOL_CONVERSION = YES;
				CLANG_WARN_CONSTANT_CONVERSION = YES;
				CLANG_WARN_DIRECT_OBJC_ISA_USAGE = YES_ERROR;
				CLANG_WARN_DOCUMENTATION_COMMENTS = YES;
				CLANG_WARN_EMPTY_BODY = YES;
				CLANG_WARN_ENUM_CONVERSION = YES;
				CLANG_WARN_INFINITE_RECURSION = YES;
				CLANG_WARN_INT_CONVERSION = YES;
				CLANG_WARN_OBJC_ROOT_CLASS = YES_ERROR;
				CLANG_WARN_SUSPICIOUS_MOVES = YES;
				CLANG_WARN_UNREACHABLE_CODE = YES;
				CLANG_WARN__DUPLICATE_METHOD_MATCH = YES;
				"CODE_SIGN_IDENTITY[sdk=iphoneos*]" = "iPhone Developer";
				COPY_PHASE_STRIP = NO;
				DEBUG_INFORMATION_FORMAT = dwarf;
				ENABLE_STRICT_OBJC_MSGSEND = YES;
				ENABLE_TESTABILITY = YES;
				GCC_C_LANGUAGE_STANDARD = gnu99;
				GCC_DYNAMIC_NO_PIC = NO;
				GCC_NO_COMMON_BLOCKS = YES;
				GCC_OPTIMIZATION_LEVEL = 0;
				GCC_PREPROCESSOR_DEFINITIONS = (
					"DEBUG=1",
					"$(inherited)",
				);
				GCC_WARN_64_TO_32_BIT_CONVERSION = YES;
				GCC_WARN_ABOUT_RETURN_TYPE = YES_ERROR;
				GCC_WARN_UNDECLARED_SELECTOR = YES;
				GCC_WARN_UNINITIALIZED_AUTOS = YES_AGGRESSIVE;
				GCC_WARN_UNUSED_FUNCTION = YES;
				GCC_WARN_UNUSED_VARIABLE = YES;
				IPHONEOS_DEPLOYMENT_TARGET = 8.0;
				MTL_ENABLE_DEBUG_INFO = YES;
				ONLY_ACTIVE_ARCH = YES;
				SDKROOT = iphoneos;
				SWIFT_ACTIVE_COMPILATION_CONDITIONS = DEBUG;
				SWIFT_OPTIMIZATION_LEVEL = "-Onone";
			};
			name = Debug;
		};
		2BD53B5F1DF2F9DC000CC3BD /* Release */ = {
			isa = XCBuildConfiguration;
			buildSettings = {
				ALWAYS_SEARCH_USER_PATHS = NO;
				CLANG_ANALYZER_NONNULL = YES;
				CLANG_CXX_LANGUAGE_STANDARD = "gnu++0x";
				CLANG_CXX_LIBRARY = "libc++";
				CLANG_ENABLE_MODULES = YES;
				CLANG_ENABLE_OBJC_ARC = YES;
				CLANG_WARN_BOOL_CONVERSION = YES;
				CLANG_WARN_CONSTANT_CONVERSION = YES;
				CLANG_WARN_DIRECT_OBJC_ISA_USAGE = YES_ERROR;
				CLANG_WARN_DOCUMENTATION_COMMENTS = YES;
				CLANG_WARN_EMPTY_BODY = YES;
				CLANG_WARN_ENUM_CONVERSION = YES;
				CLANG_WARN_INFINITE_RECURSION = YES;
				CLANG_WARN_INT_CONVERSION = YES;
				CLANG_WARN_OBJC_ROOT_CLASS = YES_ERROR;
				CLANG_WARN_SUSPICIOUS_MOVES = YES;
				CLANG_WARN_UNREACHABLE_CODE = YES;
				CLANG_WARN__DUPLICATE_METHOD_MATCH = YES;
				"CODE_SIGN_IDENTITY[sdk=iphoneos*]" = "iPhone Developer";
				COPY_PHASE_STRIP = NO;
				DEBUG_INFORMATION_FORMAT = "dwarf-with-dsym";
				ENABLE_NS_ASSERTIONS = NO;
				ENABLE_STRICT_OBJC_MSGSEND = YES;
				GCC_C_LANGUAGE_STANDARD = gnu99;
				GCC_NO_COMMON_BLOCKS = YES;
				GCC_WARN_64_TO_32_BIT_CONVERSION = YES;
				GCC_WARN_ABOUT_RETURN_TYPE = YES_ERROR;
				GCC_WARN_UNDECLARED_SELECTOR = YES;
				GCC_WARN_UNINITIALIZED_AUTOS = YES_AGGRESSIVE;
				GCC_WARN_UNUSED_FUNCTION = YES;
				GCC_WARN_UNUSED_VARIABLE = YES;
				IPHONEOS_DEPLOYMENT_TARGET = 8.0;
				MTL_ENABLE_DEBUG_INFO = NO;
				SDKROOT = iphoneos;
				SWIFT_OPTIMIZATION_LEVEL = "-Owholemodule";
				VALIDATE_PRODUCT = YES;
			};
			name = Release;
		};
		2BD53B611DF2F9DC000CC3BD /* Debug */ = {
			isa = XCBuildConfiguration;
			buildSettings = {
				ASSETCATALOG_COMPILER_APPICON_NAME = AppIcon;
				DEVELOPMENT_TEAM = "";
				FRAMEWORK_SEARCH_PATHS = "$(PLATFORM_DIR)/Developer/Library/Frameworks";
				INFOPLIST_FILE = iOSExample/Info.plist;
				LD_RUNPATH_SEARCH_PATHS = "$(inherited) @executable_path/Frameworks";
				PRODUCT_BUNDLE_IDENTIFIER = com.updatechecker.iOSExample;
				PRODUCT_NAME = "$(TARGET_NAME)";
				SWIFT_VERSION = 3.0;
				TARGETED_DEVICE_FAMILY = "1,2";
			};
			name = Debug;
		};
		2BD53B621DF2F9DC000CC3BD /* Release */ = {
			isa = XCBuildConfiguration;
			buildSettings = {
				ASSETCATALOG_COMPILER_APPICON_NAME = AppIcon;
				DEVELOPMENT_TEAM = "";
				FRAMEWORK_SEARCH_PATHS = "$(PLATFORM_DIR)/Developer/Library/Frameworks";
				INFOPLIST_FILE = iOSExample/Info.plist;
				LD_RUNPATH_SEARCH_PATHS = "$(inherited) @executable_path/Frameworks";
				PRODUCT_BUNDLE_IDENTIFIER = com.updatechecker.iOSExample;
				PRODUCT_NAME = "$(TARGET_NAME)";
				SWIFT_VERSION = 3.0;
				TARGETED_DEVICE_FAMILY = "1,2";
			};
			name = Release;
		};
/* End XCBuildConfiguration section */

/* Begin XCConfigurationList section */
		2BD53B491DF2F9DC000CC3BD /* Build configuration list for PBXProject "iOSExample" */ = {
			isa = XCConfigurationList;
			buildConfigurations = (
				2BD53B5E1DF2F9DC000CC3BD /* Debug */,
				2BD53B5F1DF2F9DC000CC3BD /* Release */,
			);
			defaultConfigurationIsVisible = 0;
			defaultConfigurationName = Release;
		};
		2BD53B601DF2F9DC000CC3BD /* Build configuration list for PBXNativeTarget "iOSExample" */ = {
			isa = XCConfigurationList;
			buildConfigurations = (
				2BD53B611DF2F9DC000CC3BD /* Debug */,
				2BD53B621DF2F9DC000CC3BD /* Release */,
			);
			defaultConfigurationIsVisible = 0;
			defaultConfigurationName = Release;
		};
/* End XCConfigurationList section */
	};
	rootObject = 2BD53B461DF2F9DC000CC3BD /* Project object */;
}
